
Microsoft Visual Studio Solution File, Format Version 12.00
# Visual Studio Version 16
VisualStudioVersion = 16.0.33927.289
MinimumVisualStudioVersion = 10.0.40219.1
Project("{FAE04EC0-301F-11D3-BF4B-00C04F79EFBC}") = "GuessingGame2", "GuessingGame2.csproj", "{4A7E73B5-2D28-4FEB-B631-E5DECB5E0638}"
EndProject
Global
	GlobalSection(SolutionConfigurationPlatforms) = preSolution
		Debug|Any CPU = Debug|Any CPU
		Release|Any CPU = Release|Any CPU
	EndGlobalSection
	GlobalSection(ProjectConfigurationPlatforms) = postSolution
		{4A7E73B5-2D28-4FEB-B631-E5DECB5E0638}.Debug|Any CPU.ActiveCfg = Debug|Any CPU
		{4A7E73B5-2D28-4FEB-B631-E5DECB5E0638}.Debug|Any CPU.Build.0 = Debug|Any CPU
		{4A7E73B5-2D28-4FEB-B631-E5DECB5E0638}.Release|Any CPU.ActiveCfg = Release|Any CPU
		{4A7E73B5-2D28-4FEB-B631-E5DECB5E0638}.Release|Any CPU.Build.0 = Release|Any CPU
	EndGlobalSection
	GlobalSection(SolutionProperties) = preSolution
		HideSolutionNode = FALSE
	EndGlobalSection
	GlobalSection(ExtensibilityGlobals) = postSolution
		SolutionGuid = {7DF8B994-F8E5-4D7F-8467-E110061DDD0F}
	EndGlobalSection
EndGlobal
