
Microsoft Visual Studio Solution File, Format Version 12.00
# Visual Studio Version 16
VisualStudioVersion = 16.0.33927.289
MinimumVisualStudioVersion = 10.0.40219.1
Project("{FAE04EC0-301F-11D3-BF4B-00C04F79EFBC}") = "Hurricane", "Hurricane.csproj", "{A6C34C36-58B1-4752-9D83-2417DB0DB912}"
EndProject
Global
	GlobalSection(SolutionConfigurationPlatforms) = preSolution
		Debug|Any CPU = Debug|Any CPU
		Release|Any CPU = Release|Any CPU
	EndGlobalSection
	GlobalSection(ProjectConfigurationPlatforms) = postSolution
		{A6C34C36-58B1-4752-9D83-2417DB0DB912}.Debug|Any CPU.ActiveCfg = Debug|Any CPU
		{A6C34C36-58B1-4752-9D83-2417DB0DB912}.Debug|Any CPU.Build.0 = Debug|Any CPU
		{A6C34C36-58B1-4752-9D83-2417DB0DB912}.Release|Any CPU.ActiveCfg = Release|Any CPU
		{A6C34C36-58B1-4752-9D83-2417DB0DB912}.Release|Any CPU.Build.0 = Release|Any CPU
	EndGlobalSection
	GlobalSection(SolutionProperties) = preSolution
		HideSolutionNode = FALSE
	EndGlobalSection
	GlobalSection(ExtensibilityGlobals) = postSolution
		SolutionGuid = {28A2FFD1-2620-44F2-8AE3-F10B915536A3}
	EndGlobalSection
EndGlobal
