
Microsoft Visual Studio Solution File, Format Version 12.00
# Visual Studio Version 16
VisualStudioVersion = 16.0.33927.289
MinimumVisualStudioVersion = 10.0.40219.1
Project("{FAE04EC0-301F-11D3-BF4B-00C04F79EFBC}") = "Movie", "Movie.csproj", "{AD43CA30-1600-4E19-8042-C9D2A07BC052}"
EndProject
Global
	GlobalSection(SolutionConfigurationPlatforms) = preSolution
		Debug|Any CPU = Debug|Any CPU
		Release|Any CPU = Release|Any CPU
	EndGlobalSection
	GlobalSection(ProjectConfigurationPlatforms) = postSolution
		{AD43CA30-1600-4E19-8042-C9D2A07BC052}.Debug|Any CPU.ActiveCfg = Debug|Any CPU
		{AD43CA30-1600-4E19-8042-C9D2A07BC052}.Debug|Any CPU.Build.0 = Debug|Any CPU
		{AD43CA30-1600-4E19-8042-C9D2A07BC052}.Release|Any CPU.ActiveCfg = Release|Any CPU
		{AD43CA30-1600-4E19-8042-C9D2A07BC052}.Release|Any CPU.Build.0 = Release|Any CPU
	EndGlobalSection
	GlobalSection(SolutionProperties) = preSolution
		HideSolutionNode = FALSE
	EndGlobalSection
	GlobalSection(ExtensibilityGlobals) = postSolution
		SolutionGuid = {66316B98-1E88-4B12-BF55-90A426A167B2}
	EndGlobalSection
EndGlobal
