
Microsoft Visual Studio Solution File, Format Version 12.00
# Visual Studio Version 16
VisualStudioVersion = 16.0.33927.289
MinimumVisualStudioVersion = 10.0.40219.1
Project("{FAE04EC0-301F-11D3-BF4B-00C04F79EFBC}") = "FindPatientRecords", "FindPatientRecords.csproj", "{5FAD4B60-6F92-451D-BB71-9C23F243E20B}"
EndProject
Global
	GlobalSection(SolutionConfigurationPlatforms) = preSolution
		Debug|Any CPU = Debug|Any CPU
		Release|Any CPU = Release|Any CPU
	EndGlobalSection
	GlobalSection(ProjectConfigurationPlatforms) = postSolution
		{5FAD4B60-6F92-451D-BB71-9C23F243E20B}.Debug|Any CPU.ActiveCfg = Debug|Any CPU
		{5FAD4B60-6F92-451D-BB71-9C23F243E20B}.Debug|Any CPU.Build.0 = Debug|Any CPU
		{5FAD4B60-6F92-451D-BB71-9C23F243E20B}.Release|Any CPU.ActiveCfg = Release|Any CPU
		{5FAD4B60-6F92-451D-BB71-9C23F243E20B}.Release|Any CPU.Build.0 = Release|Any CPU
	EndGlobalSection
	GlobalSection(SolutionProperties) = preSolution
		HideSolutionNode = FALSE
	EndGlobalSection
	GlobalSection(ExtensibilityGlobals) = postSolution
		SolutionGuid = {D6E5446E-B8BF-4899-A2F0-5A90A19E58FF}
	EndGlobalSection
EndGlobal
