
Microsoft Visual Studio Solution File, Format Version 12.00
# Visual Studio Version 16
VisualStudioVersion = 16.0.33927.289
MinimumVisualStudioVersion = 10.0.40219.1
Project("{FAE04EC0-301F-11D3-BF4B-00C04F79EFBC}") = "DebugNine4", "DebugNine4.csproj", "{D1635C6A-2C15-4A4B-AD21-E0A2547EB2F3}"
EndProject
Global
	GlobalSection(SolutionConfigurationPlatforms) = preSolution
		Debug|x86 = Debug|x86
		Release|x86 = Release|x86
	EndGlobalSection
	GlobalSection(ProjectConfigurationPlatforms) = postSolution
		{D1635C6A-2C15-4A4B-AD21-E0A2547EB2F3}.Debug|x86.ActiveCfg = Debug|x86
		{D1635C6A-2C15-4A4B-AD21-E0A2547EB2F3}.Debug|x86.Build.0 = Debug|x86
		{D1635C6A-2C15-4A4B-AD21-E0A2547EB2F3}.Release|x86.ActiveCfg = Release|x86
		{D1635C6A-2C15-4A4B-AD21-E0A2547EB2F3}.Release|x86.Build.0 = Release|x86
	EndGlobalSection
	GlobalSection(SolutionProperties) = preSolution
		HideSolutionNode = FALSE
	EndGlobalSection
	GlobalSection(ExtensibilityGlobals) = postSolution
		SolutionGuid = {CAEC2646-A65B-44F1-9635-764FE908F1C9}
	EndGlobalSection
EndGlobal
